{
  "nodes": {
    "nixpkgs": {
      "locked": {
        "lastModified": 1737205742,
        "narHash": "sha256-rxkf8k6zfBzZigMKaN83XIm+2Wog4xvIEsho81AhkXk=",
        "owner": "NixOS",
        "repo": "nixpkgs",
        "rev": "5223d4097bb2c9e89d133f61f898df611d5ea3ca",
        "type": "github"
      },
      "original": {
        "owner": "NixOS",
        "ref": "nixpkgs-unstable",
        "repo": "nixpkgs",
        "type": "github"
      }
    },
    "root": {
      "inputs": {
        "nixpkgs": "nixpkgs"
      }
    }
  },
  "root": "root",
  "version": 7
}
